{
  "name": "functions",
  "lockfileVersion": 3,
  "requires": true,
  "packages": {
    "": {
      "name": "functions",
      "dependencies": {
        "@google/genai": "^1.29.0",
        "axios": "^1.16.0",
        "cors": "^2.8.5",
        "dotenv": "^16.4.7",
        "express": "^4.21.2",
        "firebase-admin": "^13.8.0",
        "firebase-functions": "^7.2.5"
      },
      "engines": {
        "node": "20"
      }
    },
    "node_modules/@fastify/busboy": {
      "version": "3.2.0",
      "resolved": "https://registry.npmjs.org/@fastify/busboy/-/busboy-3.2.0.tgz",
      "integrity": "sha512-m9FVDXU3GT2ITSe0UaMA5rU3QkfC/UXtCU8y0gSN/GugTqtVldOBWIB5V6V3sbmenVZUIpU6f+mPEO2+m5iTaA==",
      "license": "MIT"
    },
    "node_modules/@google/genai": {
      "version": "1.29.0",
      "resolved": "https://registry.npmjs.org/@google/genai/-/genai-1.29.0.tgz",
      "integrity": "sha512-vXLvHMlWqJ2L7O7dP8qZMlvKlKNjfJw4mSv7NmxDqLTB96tT8aQB5bNB2nV0nKGXMsAKJBbkuKXkGD19gUIqFw=="
    },
    "node_modules/axios": {
      "version": "1.16.0",
      "resolved": "https://registry.npmjs.org/axios/-/axios-1.16.0.tgz",
      "integrity": "sha512-4vn6IetjNQcJYCu5NHWy7tBouzaxo3WwljAzGH94Z8hedIucqiGvd/7RzS/+TmJ+sCkkWdyyVP87D7ySTtzQSA=="
    },
    "node_modules/balanced-match": {
      "version": "1.0.2",
      "resolved": "https://registry.npmjs.org/balanced-match/-/balanced-match-1.0.2.tgz",
      "integrity": "sha512-3oSeUO9+JWFbSnKstEYkcVMVfY+1mebAdaoQ5LbnSEal2+uRJITRUWstga0ZUHSh+2d+tVFaS7cVrMMI6mzDsw=="
    },
    "node_modules/brace-expansion": {
      "version": "1.1.11",
      "resolved": "https://registry.npmjs.org/brace-expansion/-/brace-expansion-1.1.11.tgz",
      "integrity": "sha512-iCuPHDFgrHSstLkfJ+A8TvP7c/hvX17FFsvyyxjiGG5JNvj7YHlqaq7ifg+6xrZKT51g8O0WCMrqmC2VW5w0oQ=="
    },
    "node_modules/cors": {
      "version": "2.8.5",
      "resolved": "https://registry.npmjs.org/cors/-/cors-2.8.5.tgz",
      "integrity": "sha512-KIHbLJqu73RGr/hnbrO9uBeixNGuvT/qaz/2Z44ocvFH89LizMinger+ear0Hu4lyqC7ZS1WSgamsr5FrppjvuhQ=="
    },
    "node_modules/debug": {
      "version": "4.3.4",
      "resolved": "https://registry.npmjs.org/debug/-/debug-4.3.4.tgz",
      "integrity": "sha512-PRWFHuSU3oDtQwmhujL6UIrsiiNKnsDBiuyoXXjwGYKPZP20M7V1Z5ckc4XTs8B88MJYd1cqVI7QEo+1iJrRA4g=="
    },
    "node_modules/dotenv": {
      "version": "16.4.7",
      "resolved": "https://registry.npmjs.org/dotenv/-/dotenv-16.4.7.tgz",
      "integrity": "sha512-8v7pG0qJrP76QXCHh6z38F1Y0aR9R6RvQ0WU6yM8X4lJEA7Ytt/qhFxtPnAUGvtLkwXPdGFJ5MdC+5P2W4IUqg=="
    },
    "node_modules/express": {
      "version": "4.21.2",
      "resolved": "https://registry.npmjs.org/express/-/express-4.21.2.tgz",
      "integrity": "sha512-28HqwMwVRpq1hmjspNBmwmnCEQVieralG7XiyzzG6IIiYvl9au3mkCAPVBUIZJ+pWmP0+n/0m0gA7EXrivMclw=="
    },
    "node_modules/firebase-admin": {
      "version": "13.8.0",
      "resolved": "https://registry.npmjs.org/firebase-admin/-/firebase-admin-13.8.0.tgz",
      "integrity": "sha512-S/P5Lsq5bJhPpKqmLkzQKp7TpHX+pX3YYSX8qBDpG3c/0uAzJqpjYLfgWK1shQp9hYR/PbkV+nL7o7RvIY9Lg=="
    },
    "node_modules/firebase-functions": {
      "version": "7.2.5",
      "resolved": "https://registry.npmjs.org/firebase-functions/-/firebase-functions-7.2.5.tgz",
      "integrity": "sha512-l8iBQyy4dPmRCpOZ3Iy1NmtLqcKxKa2E5wEpJD0bKqQ8jdWflLNr4VFAhB7FWBYX0bkZKm5lTXK8W7d0dH2Dg=="
    }
  }
}
